
Microsoft Visual Studio Solution File, Format Version 12.00
# Visual Studio 15
VisualStudioVersion = 15.0.28307.168
MinimumVisualStudioVersion = 10.0.40219.1
Project("{FAE04EC0-301F-11D3-BF4B-00C04F79EFBC}") = "MagicSquare", "MagicSquare\MagicSquare.csproj", "{640B5874-0922-42E7-A725-5D917B4A9910}"
EndProject
Project("{FAE04EC0-301F-11D3-BF4B-00C04F79EFBC}") = "Boards", "Boards\Boards.csproj", "{67B1CC16-A570-48FF-B82E-AEB1B56BAE31}"
EndProject
Global
	GlobalSection(SolutionConfigurationPlatforms) = preSolution
		Debug|Any CPU = Debug|Any CPU
		Release|Any CPU = Release|Any CPU
	EndGlobalSection
	GlobalSection(ProjectConfigurationPlatforms) = postSolution
		{640B5874-0922-42E7-A725-5D917B4A9910}.Debug|Any CPU.ActiveCfg = Debug|Any CPU
		{640B5874-0922-42E7-A725-5D917B4A9910}.Debug|Any CPU.Build.0 = Debug|Any CPU
		{640B5874-0922-42E7-A725-5D917B4A9910}.Release|Any CPU.ActiveCfg = Release|Any CPU
		{640B5874-0922-42E7-A725-5D917B4A9910}.Release|Any CPU.Build.0 = Release|Any CPU
		{67B1CC16-A570-48FF-B82E-AEB1B56BAE31}.Debug|Any CPU.ActiveCfg = Debug|Any CPU
		{67B1CC16-A570-48FF-B82E-AEB1B56BAE31}.Debug|Any CPU.Build.0 = Debug|Any CPU
		{67B1CC16-A570-48FF-B82E-AEB1B56BAE31}.Release|Any CPU.ActiveCfg = Release|Any CPU
		{67B1CC16-A570-48FF-B82E-AEB1B56BAE31}.Release|Any CPU.Build.0 = Release|Any CPU
	EndGlobalSection
	GlobalSection(SolutionProperties) = preSolution
		HideSolutionNode = FALSE
	EndGlobalSection
	GlobalSection(ExtensibilityGlobals) = postSolution
		SolutionGuid = {8BCA7B9D-B50D-42BA-BC82-02F09016E4D6}
	EndGlobalSection
EndGlobal
